// !$*UTF8*$!
{
	archiveVersion = 1;
	classes = {
	};
	objectVersion = 55;
	objects = {

/* Begin PBXBuildFile section */
		AFFF21C528C52440006B6266 /* AppDelegate.swift in Sources */ = {isa = PBXBuildFile; fileRef = AFFF21C428C52440006B6266 /* AppDelegate.swift */; };
		AFFF21C728C52440006B6266 /* SceneDelegate.swift in Sources */ = {isa = PBXBuildFile; fileRef = AFFF21C628C52440006B6266 /* SceneDelegate.swift */; };
		AFFF21C928C52440006B6266 /* ViewController.swift in Sources */ = {isa = PBXBuildFile; fileRef = AFFF21C828C52440006B6266 /* ViewController.swift */; };
		AFFF21CC28C52440006B6266 /* Main.storyboard in Resources */ = {isa = PBXBuildFile; fileRef = AFFF21CA28C52440006B6266 /* Main.storyboard */; };
		AFFF21CE28C52444006B6266 /* Assets.xcassets in Resources */ = {isa = PBXBuildFile; fileRef = AFFF21CD28C52444006B6266 /* Assets.xcassets */; };
		AFFF21D128C52444006B6266 /* LaunchScreen.storyboard in Resources */ = {isa = PBXBuildFile; fileRef = AFFF21CF28C52444006B6266 /* LaunchScreen.storyboard */; };
		AFFF21D928C5248A006B6266 /* CollectionViewCell.swift in Sources */ = {isa = PBXBuildFile; fileRef = AFFF21D828C5248A006B6266 /* CollectionViewCell.swift */; };
		AFFF21DB28C524A4006B6266 /* HeaderSection.swift in Sources */ = {isa = PBXBuildFile; fileRef = AFFF21DA28C524A4006B6266 /* HeaderSection.swift */; };
		AFFF21DD28C524B9006B6266 /* CollectionModel.swift in Sources */ = {isa = PBXBuildFile; fileRef = AFFF21DC28C524B9006B6266 /* CollectionModel.swift */; };
		AFFF21DF28C524C3006B6266 /* jsonviewer.json in Resources */ = {isa = PBXBuildFile; fileRef = AFFF21DE28C524C2006B6266 /* jsonviewer.json */; };
		AFFF21E328C53046006B6266 /* Bundle-Decodable.swift in Sources */ = {isa = PBXBuildFile; fileRef = AFFF21E228C53046006B6266 /* Bundle-Decodable.swift */; };
		AFFF21E728C5359E006B6266 /* UIImageView+Extension.swift in Sources */ = {isa = PBXBuildFile; fileRef = AFFF21E628C5359E006B6266 /* UIImageView+Extension.swift */; };
		AFFF21E928C535A2006B6266 /* UILabel+Extension.swift in Sources */ = {isa = PBXBuildFile; fileRef = AFFF21E828C535A2006B6266 /* UILabel+Extension.swift */; };
/* End PBXBuildFile section */

/* Begin PBXFileReference section */
		AFFF21C128C52440006B6266 /* IT Factory Test.app */ = {isa = PBXFileReference; explicitFileType = wrapper.application; includeInIndex = 0; path = "IT Factory Test.app"; sourceTree = BUILT_PRODUCTS_DIR; };
		AFFF21C428C52440006B6266 /* AppDelegate.swift */ = {isa = PBXFileReference; lastKnownFileType = sourcecode.swift; path = AppDelegate.swift; sourceTree = "<group>"; };
		AFFF21C628C52440006B6266 /* SceneDelegate.swift */ = {isa = PBXFileReference; lastKnownFileType = sourcecode.swift; path = SceneDelegate.swift; sourceTree = "<group>"; };
		AFFF21C828C52440006B6266 /* ViewController.swift */ = {isa = PBXFileReference; lastKnownFileType = sourcecode.swift; path = ViewController.swift; sourceTree = "<group>"; };
		AFFF21CB28C52440006B6266 /* Base */ = {isa = PBXFileReference; lastKnownFileType = file.storyboard; name = Base; path = Base.lproj/Main.storyboard; sourceTree = "<group>"; };
		AFFF21CD28C52444006B6266 /* Assets.xcassets */ = {isa = PBXFileReference; lastKnownFileType = folder.assetcatalog; path = Assets.xcassets; sourceTree = "<group>"; };
		AFFF21D028C52444006B6266 /* Base */ = {isa = PBXFileReference; lastKnownFileType = file.storyboard; name = Base; path = Base.lproj/LaunchScreen.storyboard; sourceTree = "<group>"; };
		AFFF21D228C52444006B6266 /* Info.plist */ = {isa = PBXFileReference; lastKnownFileType = text.plist.xml; path = Info.plist; sourceTree = "<group>"; };
		AFFF21D828C5248A006B6266 /* CollectionViewCell.swift */ = {isa = PBXFileReference; lastKnownFileType = sourcecode.swift; path = CollectionViewCell.swift; sourceTree = "<group>"; };
		AFFF21DA28C524A4006B6266 /* HeaderSection.swift */ = {isa = PBXFileReference; lastKnownFileType = sourcecode.swift; path = HeaderSection.swift; sourceTree = "<group>"; };
		AFFF21DC28C524B9006B6266 /* CollectionModel.swift */ = {isa = PBXFileReference; lastKnownFileType = sourcecode.swift; path = CollectionModel.swift; sourceTree = "<group>"; };
		AFFF21DE28C524C2006B6266 /* jsonviewer.json */ = {isa = PBXFileReference; fileEncoding = 4; lastKnownFileType = text.json; path = jsonviewer.json; sourceTree = "<group>"; };
		AFFF21E228C53046006B6266 /* Bundle-Decodable.swift */ = {isa = PBXFileReference; fileEncoding = 4; lastKnownFileType = sourcecode.swift; path = "Bundle-Decodable.swift"; sourceTree = "<group>"; };
		AFFF21E628C5359E006B6266 /* UIImageView+Extension.swift */ = {isa = PBXFileReference; lastKnownFileType = sourcecode.swift; path = "UIImageView+Extension.swift"; sourceTree = "<group>"; };
		AFFF21E828C535A2006B6266 /* UILabel+Extension.swift */ = {isa = PBXFileReference; lastKnownFileType = sourcecode.swift; path = "UILabel+Extension.swift"; sourceTree = "<group>"; };
/* End PBXFileReference section */

/* Begin PBXFrameworksBuildPhase section */
		AFFF21BE28C52440006B6266 /* Frameworks */ = {
			isa = PBXFrameworksBuildPhase;
			buildActionMask = 2147483647;
			files = (
			);
			runOnlyForDeploymentPostprocessing = 0;
		};
/* End PBXFrameworksBuildPhase section */

/* Begin PBXGroup section */
		AFFF21B828C52440006B6266 = {
			isa = PBXGroup;
			children = (
				AFFF21C328C52440006B6266 /* IT Factory Test */,
				AFFF21C228C52440006B6266 /* Products */,
			);
			sourceTree = "<group>";
		};
		AFFF21C228C52440006B6266 /* Products */ = {
			isa = PBXGroup;
			children = (
				AFFF21C128C52440006B6266 /* IT Factory Test.app */,
			);
			name = Products;
			sourceTree = "<group>";
		};
		AFFF21C328C52440006B6266 /* IT Factory Test */ = {
			isa = PBXGroup;
			children = (
				AFFF21EC28C54536006B6266 /* Application */,
				AFFF21ED28C54541006B6266 /* Controller */,
				AFFF21EE28C5454F006B6266 /* Extensions */,
				AFFF21F028C54570006B6266 /* Model */,
				AFFF21F128C545A4006B6266 /* Supporting files */,
			);
			path = "IT Factory Test";
			sourceTree = "<group>";
		};
		AFFF21EC28C54536006B6266 /* Application */ = {
			isa = PBXGroup;
			children = (
				AFFF21C428C52440006B6266 /* AppDelegate.swift */,
				AFFF21C628C52440006B6266 /* SceneDelegate.swift */,
			);
			path = Application;
			sourceTree = "<group>";
		};
		AFFF21ED28C54541006B6266 /* Controller */ = {
			isa = PBXGroup;
			children = (
				AFFF21C828C52440006B6266 /* ViewController.swift */,
				AFFF21EF28C5455F006B6266 /* Cells */,
			);
			path = Controller;
			sourceTree = "<group>";
		};
		AFFF21EE28C5454F006B6266 /* Extensions */ = {
			isa = PBXGroup;
			children = (
				AFFF21E628C5359E006B6266 /* UIImageView+Extension.swift */,
				AFFF21E828C535A2006B6266 /* UILabel+Extension.swift */,
				AFFF21E228C53046006B6266 /* Bundle-Decodable.swift */,
			);
			path = Extensions;
			sourceTree = "<group>";
		};
		AFFF21EF28C5455F006B6266 /* Cells */ = {
			isa = PBXGroup;
			children = (
				AFFF21D828C5248A006B6266 /* CollectionViewCell.swift */,
				AFFF21DA28C524A4006B6266 /* HeaderSection.swift */,
			);
			path = Cells;
			sourceTree = "<group>";
		};
		AFFF21F028C54570006B6266 /* Model */ = {
			isa = PBXGroup;
			children = (
				AFFF21DC28C524B9006B6266 /* CollectionModel.swift */,
			);
			path = Model;
			sourceTree = "<group>";
		};
		AFFF21F128C545A4006B6266 /* Supporting files */ = {
			isa = PBXGroup;
			children = (
				AFFF21DE28C524C2006B6266 /* jsonviewer.json */,
				AFFF21CA28C52440006B6266 /* Main.storyboard */,
				AFFF21CD28C52444006B6266 /* Assets.xcassets */,
				AFFF21CF28C52444006B6266 /* LaunchScreen.storyboard */,
				AFFF21D228C52444006B6266 /* Info.plist */,
			);
			path = "Supporting files";
			sourceTree = "<group>";
		};
/* End PBXGroup section */

/* Begin PBXNativeTarget section */
		AFFF21C028C52440006B6266 /* IT Factory Test */ = {
			isa = PBXNativeTarget;
			buildConfigurationList = AFFF21D528C52444006B6266 /* Build configuration list for PBXNativeTarget "IT Factory Test" */;
			buildPhases = (
				AFFF21BD28C52440006B6266 /* Sources */,
				AFFF21BE28C52440006B6266 /* Frameworks */,
				AFFF21BF28C52440006B6266 /* Resources */,
			);
			buildRules = (
			);
			dependencies = (
			);
			name = "IT Factory Test";
			productName = "IT Factory Test";
			productReference = AFFF21C128C52440006B6266 /* IT Factory Test.app */;
			productType = "com.apple.product-type.application";
		};
/* End PBXNativeTarget section */

/* Begin PBXProject section */
		AFFF21B928C52440006B6266 /* Project object */ = {
			isa = PBXProject;
			attributes = {
				BuildIndependentTargetsInParallel = 1;
				LastSwiftUpdateCheck = 1340;
				LastUpgradeCheck = 1340;
				TargetAttributes = {
					AFFF21C028C52440006B6266 = {
						CreatedOnToolsVersion = 13.4.1;
					};
				};
			};
			buildConfigurationList = AFFF21BC28C52440006B6266 /* Build configuration list for PBXProject "IT Factory Test" */;
			compatibilityVersion = "Xcode 13.0";
			developmentRegion = en;
			hasScannedForEncodings = 0;
			knownRegions = (
				en,
				Base,
			);
			mainGroup = AFFF21B828C52440006B6266;
			productRefGroup = AFFF21C228C52440006B6266 /* Products */;
			projectDirPath = "";
			projectRoot = "";
			targets = (
				AFFF21C028C52440006B6266 /* IT Factory Test */,
			);
		};
/* End PBXProject section */

/* Begin PBXResourcesBuildPhase section */
		AFFF21BF28C52440006B6266 /* Resources */ = {
			isa = PBXResourcesBuildPhase;
			buildActionMask = 2147483647;
			files = (
				AFFF21D128C52444006B6266 /* LaunchScreen.storyboard in Resources */,
				AFFF21CE28C52444006B6266 /* Assets.xcassets in Resources */,
				AFFF21CC28C52440006B6266 /* Main.storyboard in Resources */,
				AFFF21DF28C524C3006B6266 /* jsonviewer.json in Resources */,
			);
			runOnlyForDeploymentPostprocessing = 0;
		};
/* End PBXResourcesBuildPhase section */

/* Begin PBXSourcesBuildPhase section */
		AFFF21BD28C52440006B6266 /* Sources */ = {
			isa = PBXSourcesBuildPhase;
			buildActionMask = 2147483647;
			files = (
				AFFF21DB28C524A4006B6266 /* HeaderSection.swift in Sources */,
				AFFF21C928C52440006B6266 /* ViewController.swift in Sources */,
				AFFF21E728C5359E006B6266 /* UIImageView+Extension.swift in Sources */,
				AFFF21C528C52440006B6266 /* AppDelegate.swift in Sources */,
				AFFF21DD28C524B9006B6266 /* CollectionModel.swift in Sources */,
				AFFF21D928C5248A006B6266 /* CollectionViewCell.swift in Sources */,
				AFFF21E328C53046006B6266 /* Bundle-Decodable.swift in Sources */,
				AFFF21C728C52440006B6266 /* SceneDelegate.swift in Sources */,
				AFFF21E928C535A2006B6266 /* UILabel+Extension.swift in Sources */,
			);
			runOnlyForDeploymentPostprocessing = 0;
		};
/* End PBXSourcesBuildPhase section */

/* Begin PBXVariantGroup section */
		AFFF21CA28C52440006B6266 /* Main.storyboard */ = {
			isa = PBXVariantGroup;
			children = (
				AFFF21CB28C52440006B6266 /* Base */,
			);
			name = Main.storyboard;
			sourceTree = "<group>";
		};
		AFFF21CF28C52444006B6266 /* LaunchScreen.storyboard */ = {
			isa = PBXVariantGroup;
			children = (
				AFFF21D028C52444006B6266 /* Base */,
			);
			name = LaunchScreen.storyboard;
			sourceTree = "<group>";
		};
/* End PBXVariantGroup section */

/* Begin XCBuildConfiguration section */
		AFFF21D328C52444006B6266 /* Debug */ = {
			isa = XCBuildConfiguration;
			buildSettings = {
				ALWAYS_SEARCH_USER_PATHS = NO;
				CLANG_ANALYZER_NONNULL = YES;
				CLANG_ANALYZER_NUMBER_OBJECT_CONVERSION = YES_AGGRESSIVE;
				CLANG_CXX_LANGUAGE_STANDARD = "gnu++17";
				CLANG_ENABLE_MODULES = YES;
				CLANG_ENABLE_OBJC_ARC = YES;
				CLANG_ENABLE_OBJC_WEAK = YES;
				CLANG_WARN_BLOCK_CAPTURE_AUTORELEASING = YES;
				CLANG_WARN_BOOL_CONVERSION = YES;
				CLANG_WARN_COMMA = YES;
				CLANG_WARN_CONSTANT_CONVERSION = YES;
				CLANG_WARN_DEPRECATED_OBJC_IMPLEMENTATIONS = YES;
				CLANG_WARN_DIRECT_OBJC_ISA_USAGE = YES_ERROR;
				CLANG_WARN_DOCUMENTATION_COMMENTS = YES;
				CLANG_WARN_EMPTY_BODY = YES;
				CLANG_WARN_ENUM_CONVERSION = YES;
				CLANG_WARN_INFINITE_RECURSION = YES;
				CLANG_WARN_INT_CONVERSION = YES;
				CLANG_WARN_NON_LITERAL_NULL_CONVERSION = YES;
				CLANG_WARN_OBJC_IMPLICIT_RETAIN_SELF = YES;
				CLANG_WARN_OBJC_LITERAL_CONVERSION = YES;
				CLANG_WARN_OBJC_ROOT_CLASS = YES_ERROR;
				CLANG_WARN_QUOTED_INCLUDE_IN_FRAMEWORK_HEADER = YES;
				CLANG_WARN_RANGE_LOOP_ANALYSIS = YES;
				CLANG_WARN_STRICT_PROTOTYPES = YES;
				CLANG_WARN_SUSPICIOUS_MOVE = YES;
				CLANG_WARN_UNGUARDED_AVAILABILITY = YES_AGGRESSIVE;
				CLANG_WARN_UNREACHABLE_CODE = YES;
				CLANG_WARN__DUPLICATE_METHOD_MATCH = YES;
				COPY_PHASE_STRIP = NO;
				DEBUG_INFORMATION_FORMAT = dwarf;
				ENABLE_STRICT_OBJC_MSGSEND = YES;
				ENABLE_TESTABILITY = YES;
				GCC_C_LANGUAGE_STANDARD = gnu11;
				GCC_DYNAMIC_NO_PIC = NO;
				GCC_NO_COMMON_BLOCKS = YES;
				GCC_OPTIMIZATION_LEVEL = 0;
				GCC_PREPROCESSOR_DEFINITIONS = (
					"DEBUG=1",
					"$(inherited)",
				);
				GCC_WARN_64_TO_32_BIT_CONVERSION = YES;
				GCC_WARN_ABOUT_RETURN_TYPE = YES_ERROR;
				GCC_WARN_UNDECLARED_SELECTOR = YES;
				GCC_WARN_UNINITIALIZED_AUTOS = YES_AGGRESSIVE;
				GCC_WARN_UNUSED_FUNCTION = YES;
				GCC_WARN_UNUSED_VARIABLE = YES;
				IPHONEOS_DEPLOYMENT_TARGET = 15.5;
				MTL_ENABLE_DEBUG_INFO = INCLUDE_SOURCE;
				MTL_FAST_MATH = YES;
				ONLY_ACTIVE_ARCH = YES;
				SDKROOT = iphoneos;
				SWIFT_ACTIVE_COMPILATION_CONDITIONS = DEBUG;
				SWIFT_OPTIMIZATION_LEVEL = "-Onone";
			};
			name = Debug;
		};
		AFFF21D428C52444006B6266 /* Release */ = {
			isa = XCBuildConfiguration;
			buildSettings = {
				ALWAYS_SEARCH_USER_PATHS = NO;
				CLANG_ANALYZER_NONNULL = YES;
				CLANG_ANALYZER_NUMBER_OBJECT_CONVERSION = YES_AGGRESSIVE;
				CLANG_CXX_LANGUAGE_STANDARD = "gnu++17";
				CLANG_ENABLE_MODULES = YES;
				CLANG_ENABLE_OBJC_ARC = YES;
				CLANG_ENABLE_OBJC_WEAK = YES;
				CLANG_WARN_BLOCK_CAPTURE_AUTORELEASING = YES;
				CLANG_WARN_BOOL_CONVERSION = YES;
				CLANG_WARN_COMMA = YES;
				CLANG_WARN_CONSTANT_CONVERSION = YES;
				CLANG_WARN_DEPRECATED_OBJC_IMPLEMENTATIONS = YES;
				CLANG_WARN_DIRECT_OBJC_ISA_USAGE = YES_ERROR;
				CLANG_WARN_DOCUMENTATION_COMMENTS = YES;
				CLANG_WARN_EMPTY_BODY = YES;
				CLANG_WARN_ENUM_CONVERSION = YES;
				CLANG_WARN_INFINITE_RECURSION = YES;
				CLANG_WARN_INT_CONVERSION = YES;
				CLANG_WARN_NON_LITERAL_NULL_CONVERSION = YES;
				CLANG_WARN_OBJC_IMPLICIT_RETAIN_SELF = YES;
				CLANG_WARN_OBJC_LITERAL_CONVERSION = YES;
				CLANG_WARN_OBJC_ROOT_CLASS = YES_ERROR;
				CLANG_WARN_QUOTED_INCLUDE_IN_FRAMEWORK_HEADER = YES;
				CLANG_WARN_RANGE_LOOP_ANALYSIS = YES;
				CLANG_WARN_STRICT_PROTOTYPES = YES;
				CLANG_WARN_SUSPICIOUS_MOVE = YES;
				CLANG_WARN_UNGUARDED_AVAILABILITY = YES_AGGRESSIVE;
				CLANG_WARN_UNREACHABLE_CODE = YES;
				CLANG_WARN__DUPLICATE_METHOD_MATCH = YES;
				COPY_PHASE_STRIP = NO;
				DEBUG_INFORMATION_FORMAT = "dwarf-with-dsym";
				ENABLE_NS_ASSERTIONS = NO;
				ENABLE_STRICT_OBJC_MSGSEND = YES;
				GCC_C_LANGUAGE_STANDARD = gnu11;
				GCC_NO_COMMON_BLOCKS = YES;
				GCC_WARN_64_TO_32_BIT_CONVERSION = YES;
				GCC_WARN_ABOUT_RETURN_TYPE = YES_ERROR;
				GCC_WARN_UNDECLARED_SELECTOR = YES;
				GCC_WARN_UNINITIALIZED_AUTOS = YES_AGGRESSIVE;
				GCC_WARN_UNUSED_FUNCTION = YES;
				GCC_WARN_UNUSED_VARIABLE = YES;
				IPHONEOS_DEPLOYMENT_TARGET = 15.5;
				MTL_ENABLE_DEBUG_INFO = NO;
				MTL_FAST_MATH = YES;
				SDKROOT = iphoneos;
				SWIFT_COMPILATION_MODE = wholemodule;
				SWIFT_OPTIMIZATION_LEVEL = "-O";
				VALIDATE_PRODUCT = YES;
			};
			name = Release;
		};
		AFFF21D628C52444006B6266 /* Debug */ = {
			isa = XCBuildConfiguration;
			buildSettings = {
				ASSETCATALOG_COMPILER_APPICON_NAME = AppIcon;
				ASSETCATALOG_COMPILER_GLOBAL_ACCENT_COLOR_NAME = AccentColor;
				CODE_SIGN_STYLE = Automatic;
				CURRENT_PROJECT_VERSION = 1;
				DEVELOPMENT_TEAM = 36FB83P3NL;
				GENERATE_INFOPLIST_FILE = YES;
				INFOPLIST_FILE = "IT Factory Test/Supporting files/Info.plist";
				INFOPLIST_KEY_UIApplicationSupportsIndirectInputEvents = YES;
				INFOPLIST_KEY_UILaunchStoryboardName = LaunchScreen;
				INFOPLIST_KEY_UIMainStoryboardFile = Main;
				INFOPLIST_KEY_UISupportedInterfaceOrientations_iPad = "UIInterfaceOrientationPortrait UIInterfaceOrientationPortraitUpsideDown UIInterfaceOrientationLandscapeLeft UIInterfaceOrientationLandscapeRight";
				INFOPLIST_KEY_UISupportedInterfaceOrientations_iPhone = "UIInterfaceOrientationPortrait UIInterfaceOrientationLandscapeLeft UIInterfaceOrientationLandscapeRight";
				LD_RUNPATH_SEARCH_PATHS = (
					"$(inherited)",
					"@executable_path/Frameworks",
				);
				MARKETING_VERSION = 1.0;
				PRODUCT_BUNDLE_IDENTIFIER = "pet-project.IT-Factory-Test";
				PRODUCT_NAME = "$(TARGET_NAME)";
				SWIFT_EMIT_LOC_STRINGS = YES;
				SWIFT_VERSION = 5.0;
				TARGETED_DEVICE_FAMILY = "1,2";
			};
			name = Debug;
		};
		AFFF21D728C52444006B6266 /* Release */ = {
			isa = XCBuildConfiguration;
			buildSettings = {
				ASSETCATALOG_COMPILER_APPICON_NAME = AppIcon;
				ASSETCATALOG_COMPILER_GLOBAL_ACCENT_COLOR_NAME = AccentColor;
				CODE_SIGN_STYLE = Automatic;
				CURRENT_PROJECT_VERSION = 1;
				DEVELOPMENT_TEAM = 36FB83P3NL;
				GENERATE_INFOPLIST_FILE = YES;
				INFOPLIST_FILE = "IT Factory Test/Supporting files/Info.plist";
				INFOPLIST_KEY_UIApplicationSupportsIndirectInputEvents = YES;
				INFOPLIST_KEY_UILaunchStoryboardName = LaunchScreen;
				INFOPLIST_KEY_UIMainStoryboardFile = Main;
				INFOPLIST_KEY_UISupportedInterfaceOrientations_iPad = "UIInterfaceOrientationPortrait UIInterfaceOrientationPortraitUpsideDown UIInterfaceOrientationLandscapeLeft UIInterfaceOrientationLandscapeRight";
				INFOPLIST_KEY_UISupportedInterfaceOrientations_iPhone = "UIInterfaceOrientationPortrait UIInterfaceOrientationLandscapeLeft UIInterfaceOrientationLandscapeRight";
				LD_RUNPATH_SEARCH_PATHS = (
					"$(inherited)",
					"@executable_path/Frameworks",
				);
				MARKETING_VERSION = 1.0;
				PRODUCT_BUNDLE_IDENTIFIER = "pet-project.IT-Factory-Test";
				PRODUCT_NAME = "$(TARGET_NAME)";
				SWIFT_EMIT_LOC_STRINGS = YES;
				SWIFT_VERSION = 5.0;
				TARGETED_DEVICE_FAMILY = "1,2";
			};
			name = Release;
		};
/* End XCBuildConfiguration section */

/* Begin XCConfigurationList section */
		AFFF21BC28C52440006B6266 /* Build configuration list for PBXProject "IT Factory Test" */ = {
			isa = XCConfigurationList;
			buildConfigurations = (
				AFFF21D328C52444006B6266 /* Debug */,
				AFFF21D428C52444006B6266 /* Release */,
			);
			defaultConfigurationIsVisible = 0;
			defaultConfigurationName = Release;
		};
		AFFF21D528C52444006B6266 /* Build configuration list for PBXNativeTarget "IT Factory Test" */ = {
			isa = XCConfigurationList;
			buildConfigurations = (
				AFFF21D628C52444006B6266 /* Debug */,
				AFFF21D728C52444006B6266 /* Release */,
			);
			defaultConfigurationIsVisible = 0;
			defaultConfigurationName = Release;
		};
/* End XCConfigurationList section */
	};
	rootObject = AFFF21B928C52440006B6266 /* Project object */;
}
